
Microsoft Visual Studio Solution File, Format Version 12.00
# Visual Studio 14
VisualStudioVersion = 14.0.24720.0
MinimumVisualStudioVersion = 10.0.40219.1
Project("{FAE04EC0-301F-11D3-BF4B-00C04F79EFBC}") = "ReadRssFeeds.Domain", "ReadRssFeeds.Domain\ReadRssFeeds.Domain.csproj", "{D0C9A20B-7685-4905-A5AB-A14AEE9C90F3}"
EndProject
Project("{FAE04EC0-301F-11D3-BF4B-00C04F79EFBC}") = "ReadRssFeeds.WebUI", "ReadRssFeeds.WebUI\ReadRssFeeds.WebUI.csproj", "{BFD96734-1B96-40A9-A7A9-549A5DF4E3E0}"
	ProjectSection(ProjectDependencies) = postProject
		{D0C9A20B-7685-4905-A5AB-A14AEE9C90F3} = {D0C9A20B-7685-4905-A5AB-A14AEE9C90F3}
	EndProjectSection
EndProject
Project("{FAE04EC0-301F-11D3-BF4B-00C04F79EFBC}") = "ReadRssFeeds.WebUI.Tests", "ReadRssFeeds.WebUI.Tests\ReadRssFeeds.WebUI.Tests.csproj", "{DF41E5AB-0841-440D-A885-4CA1BE190B9F}"
	ProjectSection(ProjectDependencies) = postProject
		{D0C9A20B-7685-4905-A5AB-A14AEE9C90F3} = {D0C9A20B-7685-4905-A5AB-A14AEE9C90F3}
	EndProjectSection
EndProject
Project("{FAE04EC0-301F-11D3-BF4B-00C04F79EFBC}") = "ReadRssFeeds.ConsoleControl", "ReadRssFeeds.ConsoleControl\ReadRssFeeds.ConsoleControl.csproj", "{D28CBA06-D6D9-4D7B-886D-47F69938FB76}"
	ProjectSection(ProjectDependencies) = postProject
		{D0C9A20B-7685-4905-A5AB-A14AEE9C90F3} = {D0C9A20B-7685-4905-A5AB-A14AEE9C90F3}
	EndProjectSection
EndProject
Global
	GlobalSection(SolutionConfigurationPlatforms) = preSolution
		Debug|Any CPU = Debug|Any CPU
		Release|Any CPU = Release|Any CPU
	EndGlobalSection
	GlobalSection(ProjectConfigurationPlatforms) = postSolution
		{D0C9A20B-7685-4905-A5AB-A14AEE9C90F3}.Debug|Any CPU.ActiveCfg = Debug|Any CPU
		{D0C9A20B-7685-4905-A5AB-A14AEE9C90F3}.Debug|Any CPU.Build.0 = Debug|Any CPU
		{D0C9A20B-7685-4905-A5AB-A14AEE9C90F3}.Release|Any CPU.ActiveCfg = Release|Any CPU
		{D0C9A20B-7685-4905-A5AB-A14AEE9C90F3}.Release|Any CPU.Build.0 = Release|Any CPU
		{BFD96734-1B96-40A9-A7A9-549A5DF4E3E0}.Debug|Any CPU.ActiveCfg = Debug|Any CPU
		{BFD96734-1B96-40A9-A7A9-549A5DF4E3E0}.Debug|Any CPU.Build.0 = Debug|Any CPU
		{BFD96734-1B96-40A9-A7A9-549A5DF4E3E0}.Release|Any CPU.ActiveCfg = Release|Any CPU
		{BFD96734-1B96-40A9-A7A9-549A5DF4E3E0}.Release|Any CPU.Build.0 = Release|Any CPU
		{DF41E5AB-0841-440D-A885-4CA1BE190B9F}.Debug|Any CPU.ActiveCfg = Debug|Any CPU
		{DF41E5AB-0841-440D-A885-4CA1BE190B9F}.Debug|Any CPU.Build.0 = Debug|Any CPU
		{DF41E5AB-0841-440D-A885-4CA1BE190B9F}.Release|Any CPU.ActiveCfg = Release|Any CPU
		{DF41E5AB-0841-440D-A885-4CA1BE190B9F}.Release|Any CPU.Build.0 = Release|Any CPU
		{D28CBA06-D6D9-4D7B-886D-47F69938FB76}.Debug|Any CPU.ActiveCfg = Debug|Any CPU
		{D28CBA06-D6D9-4D7B-886D-47F69938FB76}.Debug|Any CPU.Build.0 = Debug|Any CPU
		{D28CBA06-D6D9-4D7B-886D-47F69938FB76}.Release|Any CPU.ActiveCfg = Release|Any CPU
		{D28CBA06-D6D9-4D7B-886D-47F69938FB76}.Release|Any CPU.Build.0 = Release|Any CPU
	EndGlobalSection
	GlobalSection(SolutionProperties) = preSolution
		HideSolutionNode = FALSE
	EndGlobalSection
EndGlobal
